// !$*UTF8*$!
{
	archiveVersion = 1;
	classes = {
	};
	objectVersion = 46;
	objects = {

/* Begin PBXBuildFile section */
		82CD20151BEC8B56000DEAD9 /* AppDelegate.swift in Sources */ = {isa = PBXBuildFile; fileRef = 82CD20141BEC8B56000DEAD9 /* AppDelegate.swift */; };
		82CD20171BEC8B56000DEAD9 /* ViewController.swift in Sources */ = {isa = PBXBuildFile; fileRef = 82CD20161BEC8B56000DEAD9 /* ViewController.swift */; };
		82CD201A1BEC8B56000DEAD9 /* Main.storyboard in Resources */ = {isa = PBXBuildFile; fileRef = 82CD20181BEC8B56000DEAD9 /* Main.storyboard */; };
		82CD201C1BEC8B56000DEAD9 /* Assets.xcassets in Resources */ = {isa = PBXBuildFile; fileRef = 82CD201B1BEC8B56000DEAD9 /* Assets.xcassets */; };
		82CD201F1BEC8B56000DEAD9 /* LaunchScreen.storyboard in Resources */ = {isa = PBXBuildFile; fileRef = 82CD201D1BEC8B56000DEAD9 /* LaunchScreen.storyboard */; };
		82CD202A1BEC8B56000DEAD9 /* NotesTests.swift in Sources */ = {isa = PBXBuildFile; fileRef = 82CD20291BEC8B56000DEAD9 /* NotesTests.swift */; };
		82CD20351BEC8B56000DEAD9 /* NotesUITests.swift in Sources */ = {isa = PBXBuildFile; fileRef = 82CD20341BEC8B56000DEAD9 /* NotesUITests.swift */; };
		82CD20491BEC8CF9000DEAD9 /* Bolts.framework in Frameworks */ = {isa = PBXBuildFile; fileRef = 82CD20421BEC8CF9000DEAD9 /* Bolts.framework */; };
		82CD204A1BEC8CF9000DEAD9 /* Parse.framework in Frameworks */ = {isa = PBXBuildFile; fileRef = 82CD20431BEC8CF9000DEAD9 /* Parse.framework */; };
		82CD204B1BEC8CF9000DEAD9 /* ParseCrashReporting.framework in Frameworks */ = {isa = PBXBuildFile; fileRef = 82CD20441BEC8CF9000DEAD9 /* ParseCrashReporting.framework */; };
		82CD204C1BEC8CF9000DEAD9 /* ParseFacebookUtils.framework in Frameworks */ = {isa = PBXBuildFile; fileRef = 82CD20451BEC8CF9000DEAD9 /* ParseFacebookUtils.framework */; };
		82CD204D1BEC8CF9000DEAD9 /* ParseFacebookUtilsV4.framework in Frameworks */ = {isa = PBXBuildFile; fileRef = 82CD20461BEC8CF9000DEAD9 /* ParseFacebookUtilsV4.framework */; };
		82CD204E1BEC8CF9000DEAD9 /* ParseTwitterUtils.framework in Frameworks */ = {isa = PBXBuildFile; fileRef = 82CD20471BEC8CF9000DEAD9 /* ParseTwitterUtils.framework */; };
		82CD204F1BEC8CF9000DEAD9 /* ParseUI.framework in Frameworks */ = {isa = PBXBuildFile; fileRef = 82CD20481BEC8CF9000DEAD9 /* ParseUI.framework */; };
		82CD20511BEC8D14000DEAD9 /* AudioToolbox.framework in Frameworks */ = {isa = PBXBuildFile; fileRef = 82CD20501BEC8D14000DEAD9 /* AudioToolbox.framework */; };
		82CD20531BEC8D1A000DEAD9 /* CFNetwork.framework in Frameworks */ = {isa = PBXBuildFile; fileRef = 82CD20521BEC8D1A000DEAD9 /* CFNetwork.framework */; };
		82CD20551BEC8D22000DEAD9 /* CoreGraphics.framework in Frameworks */ = {isa = PBXBuildFile; fileRef = 82CD20541BEC8D22000DEAD9 /* CoreGraphics.framework */; };
		82CD20571BEC8D29000DEAD9 /* CoreLocation.framework in Frameworks */ = {isa = PBXBuildFile; fileRef = 82CD20561BEC8D29000DEAD9 /* CoreLocation.framework */; };
		82CD20591BEC8D32000DEAD9 /* QuartzCore.framework in Frameworks */ = {isa = PBXBuildFile; fileRef = 82CD20581BEC8D32000DEAD9 /* QuartzCore.framework */; };
		82CD205B1BEC8D3A000DEAD9 /* Security.framework in Frameworks */ = {isa = PBXBuildFile; fileRef = 82CD205A1BEC8D3A000DEAD9 /* Security.framework */; };
		82CD205D1BEC8D41000DEAD9 /* StoreKit.framework in Frameworks */ = {isa = PBXBuildFile; fileRef = 82CD205C1BEC8D41000DEAD9 /* StoreKit.framework */; };
		82CD205F1BEC8D48000DEAD9 /* SystemConfiguration.framework in Frameworks */ = {isa = PBXBuildFile; fileRef = 82CD205E1BEC8D48000DEAD9 /* SystemConfiguration.framework */; };
		82CD20611BEC8D4F000DEAD9 /* libz.tbd in Frameworks */ = {isa = PBXBuildFile; fileRef = 82CD20601BEC8D4F000DEAD9 /* libz.tbd */; };
		82CD20631BEC8D57000DEAD9 /* libsqlite3.tbd in Frameworks */ = {isa = PBXBuildFile; fileRef = 82CD20621BEC8D57000DEAD9 /* libsqlite3.tbd */; };
		82FE515C1BEDCE850017AE6B /* README.md in Sources */ = {isa = PBXBuildFile; fileRef = 82FE515B1BEDCE850017AE6B /* README.md */; };
		82FE516C1BEDCE8C0017AE6B /* step1-1.png in Resources */ = {isa = PBXBuildFile; fileRef = 82FE515E1BEDCE8C0017AE6B /* step1-1.png */; };
		82FE516D1BEDCE8C0017AE6B /* step1.png in Resources */ = {isa = PBXBuildFile; fileRef = 82FE515F1BEDCE8C0017AE6B /* step1.png */; };
		82FE516E1BEDCE8C0017AE6B /* step2.png in Resources */ = {isa = PBXBuildFile; fileRef = 82FE51601BEDCE8C0017AE6B /* step2.png */; };
		82FE516F1BEDCE8C0017AE6B /* step3-1.png in Resources */ = {isa = PBXBuildFile; fileRef = 82FE51611BEDCE8C0017AE6B /* step3-1.png */; };
		82FE51701BEDCE8C0017AE6B /* step3-3-1.png in Resources */ = {isa = PBXBuildFile; fileRef = 82FE51621BEDCE8C0017AE6B /* step3-3-1.png */; };
		82FE51711BEDCE8C0017AE6B /* step3-4-1.png in Resources */ = {isa = PBXBuildFile; fileRef = 82FE51631BEDCE8C0017AE6B /* step3-4-1.png */; };
		82FE51721BEDCE8C0017AE6B /* step3.png in Resources */ = {isa = PBXBuildFile; fileRef = 82FE51641BEDCE8C0017AE6B /* step3.png */; };
		82FE51731BEDCE8C0017AE6B /* step4-1.png in Resources */ = {isa = PBXBuildFile; fileRef = 82FE51651BEDCE8C0017AE6B /* step4-1.png */; };
		82FE51741BEDCE8C0017AE6B /* step4-2.png in Resources */ = {isa = PBXBuildFile; fileRef = 82FE51661BEDCE8C0017AE6B /* step4-2.png */; };
		82FE51751BEDCE8C0017AE6B /* step4-3.png in Resources */ = {isa = PBXBuildFile; fileRef = 82FE51671BEDCE8C0017AE6B /* step4-3.png */; };
		82FE51761BEDCE8C0017AE6B /* step5-1.png in Resources */ = {isa = PBXBuildFile; fileRef = 82FE51681BEDCE8C0017AE6B /* step5-1.png */; };
		82FE51771BEDCE8C0017AE6B /* step5-2.png in Resources */ = {isa = PBXBuildFile; fileRef = 82FE51691BEDCE8C0017AE6B /* step5-2.png */; };
		82FE51781BEDCE8C0017AE6B /* step5-3.png in Resources */ = {isa = PBXBuildFile; fileRef = 82FE516A1BEDCE8C0017AE6B /* step5-3.png */; };
		82FE51791BEDCE8C0017AE6B /* step5.png in Resources */ = {isa = PBXBuildFile; fileRef = 82FE516B1BEDCE8C0017AE6B /* step5.png */; };
/* End PBXBuildFile section */

/* Begin PBXContainerItemProxy section */
		82CD20261BEC8B56000DEAD9 /* PBXContainerItemProxy */ = {
			isa = PBXContainerItemProxy;
			containerPortal = 82CD20091BEC8B56000DEAD9 /* Project object */;
			proxyType = 1;
			remoteGlobalIDString = 82CD20101BEC8B56000DEAD9;
			remoteInfo = Notes;
		};
		82CD20311BEC8B56000DEAD9 /* PBXContainerItemProxy */ = {
			isa = PBXContainerItemProxy;
			containerPortal = 82CD20091BEC8B56000DEAD9 /* Project object */;
			proxyType = 1;
			remoteGlobalIDString = 82CD20101BEC8B56000DEAD9;
			remoteInfo = Notes;
		};
/* End PBXContainerItemProxy section */

/* Begin PBXFileReference section */
		82CD20111BEC8B56000DEAD9 /* Notes.app */ = {isa = PBXFileReference; explicitFileType = wrapper.application; includeInIndex = 0; path = Notes.app; sourceTree = BUILT_PRODUCTS_DIR; };
		82CD20141BEC8B56000DEAD9 /* AppDelegate.swift */ = {isa = PBXFileReference; lastKnownFileType = sourcecode.swift; path = AppDelegate.swift; sourceTree = "<group>"; };
		82CD20161BEC8B56000DEAD9 /* ViewController.swift */ = {isa = PBXFileReference; lastKnownFileType = sourcecode.swift; path = ViewController.swift; sourceTree = "<group>"; };
		82CD20191BEC8B56000DEAD9 /* Base */ = {isa = PBXFileReference; lastKnownFileType = file.storyboard; name = Base; path = Base.lproj/Main.storyboard; sourceTree = "<group>"; };
		82CD201B1BEC8B56000DEAD9 /* Assets.xcassets */ = {isa = PBXFileReference; lastKnownFileType = folder.assetcatalog; path = Assets.xcassets; sourceTree = "<group>"; };
		82CD201E1BEC8B56000DEAD9 /* Base */ = {isa = PBXFileReference; lastKnownFileType = file.storyboard; name = Base; path = Base.lproj/LaunchScreen.storyboard; sourceTree = "<group>"; };
		82CD20201BEC8B56000DEAD9 /* Info.plist */ = {isa = PBXFileReference; lastKnownFileType = text.plist.xml; path = Info.plist; sourceTree = "<group>"; };
		82CD20251BEC8B56000DEAD9 /* NotesTests.xctest */ = {isa = PBXFileReference; explicitFileType = wrapper.cfbundle; includeInIndex = 0; path = NotesTests.xctest; sourceTree = BUILT_PRODUCTS_DIR; };
		82CD20291BEC8B56000DEAD9 /* NotesTests.swift */ = {isa = PBXFileReference; lastKnownFileType = sourcecode.swift; path = NotesTests.swift; sourceTree = "<group>"; };
		82CD202B1BEC8B56000DEAD9 /* Info.plist */ = {isa = PBXFileReference; lastKnownFileType = text.plist.xml; path = Info.plist; sourceTree = "<group>"; };
		82CD20301BEC8B56000DEAD9 /* NotesUITests.xctest */ = {isa = PBXFileReference; explicitFileType = wrapper.cfbundle; includeInIndex = 0; path = NotesUITests.xctest; sourceTree = BUILT_PRODUCTS_DIR; };
		82CD20341BEC8B56000DEAD9 /* NotesUITests.swift */ = {isa = PBXFileReference; lastKnownFileType = sourcecode.swift; path = NotesUITests.swift; sourceTree = "<group>"; };
		82CD20361BEC8B56000DEAD9 /* Info.plist */ = {isa = PBXFileReference; lastKnownFileType = text.plist.xml; path = Info.plist; sourceTree = "<group>"; };
		82CD20421BEC8CF9000DEAD9 /* Bolts.framework */ = {isa = PBXFileReference; lastKnownFileType = wrapper.framework; name = Bolts.framework; path = "SDKs/parse-library-1.9.1/Bolts.framework"; sourceTree = "<group>"; };
		82CD20431BEC8CF9000DEAD9 /* Parse.framework */ = {isa = PBXFileReference; lastKnownFileType = wrapper.framework; name = Parse.framework; path = "SDKs/parse-library-1.9.1/Parse.framework"; sourceTree = "<group>"; };
		82CD20441BEC8CF9000DEAD9 /* ParseCrashReporting.framework */ = {isa = PBXFileReference; lastKnownFileType = wrapper.framework; name = ParseCrashReporting.framework; path = "SDKs/parse-library-1.9.1/ParseCrashReporting.framework"; sourceTree = "<group>"; };
		82CD20451BEC8CF9000DEAD9 /* ParseFacebookUtils.framework */ = {isa = PBXFileReference; lastKnownFileType = wrapper.framework; name = ParseFacebookUtils.framework; path = "SDKs/parse-library-1.9.1/ParseFacebookUtils.framework"; sourceTree = "<group>"; };
		82CD20461BEC8CF9000DEAD9 /* ParseFacebookUtilsV4.framework */ = {isa = PBXFileReference; lastKnownFileType = wrapper.framework; name = ParseFacebookUtilsV4.framework; path = "SDKs/parse-library-1.9.1/ParseFacebookUtilsV4.framework"; sourceTree = "<group>"; };
		82CD20471BEC8CF9000DEAD9 /* ParseTwitterUtils.framework */ = {isa = PBXFileReference; lastKnownFileType = wrapper.framework; name = ParseTwitterUtils.framework; path = "SDKs/parse-library-1.9.1/ParseTwitterUtils.framework"; sourceTree = "<group>"; };
		82CD20481BEC8CF9000DEAD9 /* ParseUI.framework */ = {isa = PBXFileReference; lastKnownFileType = wrapper.framework; name = ParseUI.framework; path = "SDKs/parse-library-1.9.1/ParseUI.framework"; sourceTree = "<group>"; };
		82CD20501BEC8D14000DEAD9 /* AudioToolbox.framework */ = {isa = PBXFileReference; lastKnownFileType = wrapper.framework; name = AudioToolbox.framework; path = System/Library/Frameworks/AudioToolbox.framework; sourceTree = SDKROOT; };
		82CD20521BEC8D1A000DEAD9 /* CFNetwork.framework */ = {isa = PBXFileReference; lastKnownFileType = wrapper.framework; name = CFNetwork.framework; path = System/Library/Frameworks/CFNetwork.framework; sourceTree = SDKROOT; };
		82CD20541BEC8D22000DEAD9 /* CoreGraphics.framework */ = {isa = PBXFileReference; lastKnownFileType = wrapper.framework; name = CoreGraphics.framework; path = System/Library/Frameworks/CoreGraphics.framework; sourceTree = SDKROOT; };
		82CD20561BEC8D29000DEAD9 /* CoreLocation.framework */ = {isa = PBXFileReference; lastKnownFileType = wrapper.framework; name = CoreLocation.framework; path = System/Library/Frameworks/CoreLocation.framework; sourceTree = SDKROOT; };
		82CD20581BEC8D32000DEAD9 /* QuartzCore.framework */ = {isa = PBXFileReference; lastKnownFileType = wrapper.framework; name = QuartzCore.framework; path = System/Library/Frameworks/QuartzCore.framework; sourceTree = SDKROOT; };
		82CD205A1BEC8D3A000DEAD9 /* Security.framework */ = {isa = PBXFileReference; lastKnownFileType = wrapper.framework; name = Security.framework; path = System/Library/Frameworks/Security.framework; sourceTree = SDKROOT; };
		82CD205C1BEC8D41000DEAD9 /* StoreKit.framework */ = {isa = PBXFileReference; lastKnownFileType = wrapper.framework; name = StoreKit.framework; path = System/Library/Frameworks/StoreKit.framework; sourceTree = SDKROOT; };
		82CD205E1BEC8D48000DEAD9 /* SystemConfiguration.framework */ = {isa = PBXFileReference; lastKnownFileType = wrapper.framework; name = SystemConfiguration.framework; path = System/Library/Frameworks/SystemConfiguration.framework; sourceTree = SDKROOT; };
		82CD20601BEC8D4F000DEAD9 /* libz.tbd */ = {isa = PBXFileReference; lastKnownFileType = "sourcecode.text-based-dylib-definition"; name = libz.tbd; path = usr/lib/libz.tbd; sourceTree = SDKROOT; };
		82CD20621BEC8D57000DEAD9 /* libsqlite3.tbd */ = {isa = PBXFileReference; lastKnownFileType = "sourcecode.text-based-dylib-definition"; name = libsqlite3.tbd; path = usr/lib/libsqlite3.tbd; sourceTree = SDKROOT; };
		82CD20651BEC925C000DEAD9 /* Bridging-Header.h */ = {isa = PBXFileReference; fileEncoding = 4; lastKnownFileType = sourcecode.c.h; path = "Bridging-Header.h"; sourceTree = "<group>"; };
		82FE515B1BEDCE850017AE6B /* README.md */ = {isa = PBXFileReference; fileEncoding = 4; lastKnownFileType = net.daringfireball.markdown; path = README.md; sourceTree = "<group>"; };
		82FE515E1BEDCE8C0017AE6B /* step1-1.png */ = {isa = PBXFileReference; lastKnownFileType = image.png; path = "step1-1.png"; sourceTree = "<group>"; };
		82FE515F1BEDCE8C0017AE6B /* step1.png */ = {isa = PBXFileReference; lastKnownFileType = image.png; path = step1.png; sourceTree = "<group>"; };
		82FE51601BEDCE8C0017AE6B /* step2.png */ = {isa = PBXFileReference; lastKnownFileType = image.png; path = step2.png; sourceTree = "<group>"; };
		82FE51611BEDCE8C0017AE6B /* step3-1.png */ = {isa = PBXFileReference; lastKnownFileType = image.png; path = "step3-1.png"; sourceTree = "<group>"; };
		82FE51621BEDCE8C0017AE6B /* step3-3-1.png */ = {isa = PBXFileReference; lastKnownFileType = image.png; path = "step3-3-1.png"; sourceTree = "<group>"; };
		82FE51631BEDCE8C0017AE6B /* step3-4-1.png */ = {isa = PBXFileReference; lastKnownFileType = image.png; path = "step3-4-1.png"; sourceTree = "<group>"; };
		82FE51641BEDCE8C0017AE6B /* step3.png */ = {isa = PBXFileReference; lastKnownFileType = image.png; path = step3.png; sourceTree = "<group>"; };
		82FE51651BEDCE8C0017AE6B /* step4-1.png */ = {isa = PBXFileReference; lastKnownFileType = image.png; path = "step4-1.png"; sourceTree = "<group>"; };
		82FE51661BEDCE8C0017AE6B /* step4-2.png */ = {isa = PBXFileReference; lastKnownFileType = image.png; path = "step4-2.png"; sourceTree = "<group>"; };
		82FE51671BEDCE8C0017AE6B /* step4-3.png */ = {isa = PBXFileReference; lastKnownFileType = image.png; path = "step4-3.png"; sourceTree = "<group>"; };
		82FE51681BEDCE8C0017AE6B /* step5-1.png */ = {isa = PBXFileReference; lastKnownFileType = image.png; path = "step5-1.png"; sourceTree = "<group>"; };
		82FE51691BEDCE8C0017AE6B /* step5-2.png */ = {isa = PBXFileReference; lastKnownFileType = image.png; path = "step5-2.png"; sourceTree = "<group>"; };
		82FE516A1BEDCE8C0017AE6B /* step5-3.png */ = {isa = PBXFileReference; lastKnownFileType = image.png; path = "step5-3.png"; sourceTree = "<group>"; };
		82FE516B1BEDCE8C0017AE6B /* step5.png */ = {isa = PBXFileReference; lastKnownFileType = image.png; path = step5.png; sourceTree = "<group>"; };
/* End PBXFileReference section */

/* Begin PBXFrameworksBuildPhase section */
		82CD200E1BEC8B56000DEAD9 /* Frameworks */ = {
			isa = PBXFrameworksBuildPhase;
			buildActionMask = 2147483647;
			files = (
				82CD20631BEC8D57000DEAD9 /* libsqlite3.tbd in Frameworks */,
				82CD20611BEC8D4F000DEAD9 /* libz.tbd in Frameworks */,
				82CD205F1BEC8D48000DEAD9 /* SystemConfiguration.framework in Frameworks */,
				82CD205D1BEC8D41000DEAD9 /* StoreKit.framework in Frameworks */,
				82CD205B1BEC8D3A000DEAD9 /* Security.framework in Frameworks */,
				82CD20591BEC8D32000DEAD9 /* QuartzCore.framework in Frameworks */,
				82CD20571BEC8D29000DEAD9 /* CoreLocation.framework in Frameworks */,
				82CD20551BEC8D22000DEAD9 /* CoreGraphics.framework in Frameworks */,
				82CD20531BEC8D1A000DEAD9 /* CFNetwork.framework in Frameworks */,
				82CD20511BEC8D14000DEAD9 /* AudioToolbox.framework in Frameworks */,
				82CD204A1BEC8CF9000DEAD9 /* Parse.framework in Frameworks */,
				82CD204B1BEC8CF9000DEAD9 /* ParseCrashReporting.framework in Frameworks */,
				82CD204F1BEC8CF9000DEAD9 /* ParseUI.framework in Frameworks */,
				82CD204C1BEC8CF9000DEAD9 /* ParseFacebookUtils.framework in Frameworks */,
				82CD20491BEC8CF9000DEAD9 /* Bolts.framework in Frameworks */,
				82CD204E1BEC8CF9000DEAD9 /* ParseTwitterUtils.framework in Frameworks */,
				82CD204D1BEC8CF9000DEAD9 /* ParseFacebookUtilsV4.framework in Frameworks */,
			);
			runOnlyForDeploymentPostprocessing = 0;
		};
		82CD20221BEC8B56000DEAD9 /* Frameworks */ = {
			isa = PBXFrameworksBuildPhase;
			buildActionMask = 2147483647;
			files = (
			);
			runOnlyForDeploymentPostprocessing = 0;
		};
		82CD202D1BEC8B56000DEAD9 /* Frameworks */ = {
			isa = PBXFrameworksBuildPhase;
			buildActionMask = 2147483647;
			files = (
			);
			runOnlyForDeploymentPostprocessing = 0;
		};
/* End PBXFrameworksBuildPhase section */

/* Begin PBXGroup section */
		82CD20081BEC8B56000DEAD9 = {
			isa = PBXGroup;
			children = (
				82CD20641BEC8D79000DEAD9 /* Frameworks */,
				82CD20131BEC8B56000DEAD9 /* Notes */,
				82CD20281BEC8B56000DEAD9 /* NotesTests */,
				82CD20331BEC8B56000DEAD9 /* NotesUITests */,
				82CD20121BEC8B56000DEAD9 /* Products */,
				82FE515B1BEDCE850017AE6B /* README.md */,
				82FE515D1BEDCE8C0017AE6B /* Notes_app_tutorial_img */,
			);
			sourceTree = "<group>";
		};
		82CD20121BEC8B56000DEAD9 /* Products */ = {
			isa = PBXGroup;
			children = (
				82CD20111BEC8B56000DEAD9 /* Notes.app */,
				82CD20251BEC8B56000DEAD9 /* NotesTests.xctest */,
				82CD20301BEC8B56000DEAD9 /* NotesUITests.xctest */,
			);
			name = Products;
			sourceTree = "<group>";
		};
		82CD20131BEC8B56000DEAD9 /* Notes */ = {
			isa = PBXGroup;
			children = (
				82CD20651BEC925C000DEAD9 /* Bridging-Header.h */,
				82CD20141BEC8B56000DEAD9 /* AppDelegate.swift */,
				82CD20161BEC8B56000DEAD9 /* ViewController.swift */,
				82CD20181BEC8B56000DEAD9 /* Main.storyboard */,
				82CD201B1BEC8B56000DEAD9 /* Assets.xcassets */,
				82CD201D1BEC8B56000DEAD9 /* LaunchScreen.storyboard */,
				82CD20201BEC8B56000DEAD9 /* Info.plist */,
			);
			path = Notes;
			sourceTree = "<group>";
		};
		82CD20281BEC8B56000DEAD9 /* NotesTests */ = {
			isa = PBXGroup;
			children = (
				82CD20291BEC8B56000DEAD9 /* NotesTests.swift */,
				82CD202B1BEC8B56000DEAD9 /* Info.plist */,
			);
			path = NotesTests;
			sourceTree = "<group>";
		};
		82CD20331BEC8B56000DEAD9 /* NotesUITests */ = {
			isa = PBXGroup;
			children = (
				82CD20341BEC8B56000DEAD9 /* NotesUITests.swift */,
				82CD20361BEC8B56000DEAD9 /* Info.plist */,
			);
			path = NotesUITests;
			sourceTree = "<group>";
		};
		82CD20641BEC8D79000DEAD9 /* Frameworks */ = {
			isa = PBXGroup;
			children = (
				82CD20621BEC8D57000DEAD9 /* libsqlite3.tbd */,
				82CD20601BEC8D4F000DEAD9 /* libz.tbd */,
				82CD205E1BEC8D48000DEAD9 /* SystemConfiguration.framework */,
				82CD205C1BEC8D41000DEAD9 /* StoreKit.framework */,
				82CD205A1BEC8D3A000DEAD9 /* Security.framework */,
				82CD20581BEC8D32000DEAD9 /* QuartzCore.framework */,
				82CD20561BEC8D29000DEAD9 /* CoreLocation.framework */,
				82CD20541BEC8D22000DEAD9 /* CoreGraphics.framework */,
				82CD20521BEC8D1A000DEAD9 /* CFNetwork.framework */,
				82CD20501BEC8D14000DEAD9 /* AudioToolbox.framework */,
				82CD20421BEC8CF9000DEAD9 /* Bolts.framework */,
				82CD20431BEC8CF9000DEAD9 /* Parse.framework */,
				82CD20441BEC8CF9000DEAD9 /* ParseCrashReporting.framework */,
				82CD20451BEC8CF9000DEAD9 /* ParseFacebookUtils.framework */,
				82CD20461BEC8CF9000DEAD9 /* ParseFacebookUtilsV4.framework */,
				82CD20471BEC8CF9000DEAD9 /* ParseTwitterUtils.framework */,
				82CD20481BEC8CF9000DEAD9 /* ParseUI.framework */,
			);
			name = Frameworks;
			sourceTree = "<group>";
		};
		82FE515D1BEDCE8C0017AE6B /* Notes_app_tutorial_img */ = {
			isa = PBXGroup;
			children = (
				82FE515E1BEDCE8C0017AE6B /* step1-1.png */,
				82FE515F1BEDCE8C0017AE6B /* step1.png */,
				82FE51601BEDCE8C0017AE6B /* step2.png */,
				82FE51611BEDCE8C0017AE6B /* step3-1.png */,
				82FE51621BEDCE8C0017AE6B /* step3-3-1.png */,
				82FE51631BEDCE8C0017AE6B /* step3-4-1.png */,
				82FE51641BEDCE8C0017AE6B /* step3.png */,
				82FE51651BEDCE8C0017AE6B /* step4-1.png */,
				82FE51661BEDCE8C0017AE6B /* step4-2.png */,
				82FE51671BEDCE8C0017AE6B /* step4-3.png */,
				82FE51681BEDCE8C0017AE6B /* step5-1.png */,
				82FE51691BEDCE8C0017AE6B /* step5-2.png */,
				82FE516A1BEDCE8C0017AE6B /* step5-3.png */,
				82FE516B1BEDCE8C0017AE6B /* step5.png */,
			);
			path = Notes_app_tutorial_img;
			sourceTree = "<group>";
		};
/* End PBXGroup section */

/* Begin PBXNativeTarget section */
		82CD20101BEC8B56000DEAD9 /* Notes */ = {
			isa = PBXNativeTarget;
			buildConfigurationList = 82CD20391BEC8B56000DEAD9 /* Build configuration list for PBXNativeTarget "Notes" */;
			buildPhases = (
				82CD200D1BEC8B56000DEAD9 /* Sources */,
				82CD200E1BEC8B56000DEAD9 /* Frameworks */,
				82CD200F1BEC8B56000DEAD9 /* Resources */,
			);
			buildRules = (
			);
			dependencies = (
			);
			name = Notes;
			productName = Notes;
			productReference = 82CD20111BEC8B56000DEAD9 /* Notes.app */;
			productType = "com.apple.product-type.application";
		};
		82CD20241BEC8B56000DEAD9 /* NotesTests */ = {
			isa = PBXNativeTarget;
			buildConfigurationList = 82CD203C1BEC8B56000DEAD9 /* Build configuration list for PBXNativeTarget "NotesTests" */;
			buildPhases = (
				82CD20211BEC8B56000DEAD9 /* Sources */,
				82CD20221BEC8B56000DEAD9 /* Frameworks */,
				82CD20231BEC8B56000DEAD9 /* Resources */,
			);
			buildRules = (
			);
			dependencies = (
				82CD20271BEC8B56000DEAD9 /* PBXTargetDependency */,
			);
			name = NotesTests;
			productName = NotesTests;
			productReference = 82CD20251BEC8B56000DEAD9 /* NotesTests.xctest */;
			productType = "com.apple.product-type.bundle.unit-test";
		};
		82CD202F1BEC8B56000DEAD9 /* NotesUITests */ = {
			isa = PBXNativeTarget;
			buildConfigurationList = 82CD203F1BEC8B56000DEAD9 /* Build configuration list for PBXNativeTarget "NotesUITests" */;
			buildPhases = (
				82CD202C1BEC8B56000DEAD9 /* Sources */,
				82CD202D1BEC8B56000DEAD9 /* Frameworks */,
				82CD202E1BEC8B56000DEAD9 /* Resources */,
			);
			buildRules = (
			);
			dependencies = (
				82CD20321BEC8B56000DEAD9 /* PBXTargetDependency */,
			);
			name = NotesUITests;
			productName = NotesUITests;
			productReference = 82CD20301BEC8B56000DEAD9 /* NotesUITests.xctest */;
			productType = "com.apple.product-type.bundle.ui-testing";
		};
/* End PBXNativeTarget section */

/* Begin PBXProject section */
		82CD20091BEC8B56000DEAD9 /* Project object */ = {
			isa = PBXProject;
			attributes = {
				LastSwiftUpdateCheck = 0710;
				LastUpgradeCheck = 0710;
				ORGANIZATIONNAME = jiro9611;
				TargetAttributes = {
					82CD20101BEC8B56000DEAD9 = {
						CreatedOnToolsVersion = 7.1;
					};
					82CD20241BEC8B56000DEAD9 = {
						CreatedOnToolsVersion = 7.1;
						TestTargetID = 82CD20101BEC8B56000DEAD9;
					};
					82CD202F1BEC8B56000DEAD9 = {
						CreatedOnToolsVersion = 7.1;
						TestTargetID = 82CD20101BEC8B56000DEAD9;
					};
				};
			};
			buildConfigurationList = 82CD200C1BEC8B56000DEAD9 /* Build configuration list for PBXProject "Notes" */;
			compatibilityVersion = "Xcode 3.2";
			developmentRegion = English;
			hasScannedForEncodings = 0;
			knownRegions = (
				en,
				Base,
			);
			mainGroup = 82CD20081BEC8B56000DEAD9;
			productRefGroup = 82CD20121BEC8B56000DEAD9 /* Products */;
			projectDirPath = "";
			projectRoot = "";
			targets = (
				82CD20101BEC8B56000DEAD9 /* Notes */,
				82CD20241BEC8B56000DEAD9 /* NotesTests */,
				82CD202F1BEC8B56000DEAD9 /* NotesUITests */,
			);
		};
/* End PBXProject section */

/* Begin PBXResourcesBuildPhase section */
		82CD200F1BEC8B56000DEAD9 /* Resources */ = {
			isa = PBXResourcesBuildPhase;
			buildActionMask = 2147483647;
			files = (
				82FE51731BEDCE8C0017AE6B /* step4-1.png in Resources */,
				82CD201F1BEC8B56000DEAD9 /* LaunchScreen.storyboard in Resources */,
				82FE516D1BEDCE8C0017AE6B /* step1.png in Resources */,
				82FE516C1BEDCE8C0017AE6B /* step1-1.png in Resources */,
				82FE51711BEDCE8C0017AE6B /* step3-4-1.png in Resources */,
				82FE51771BEDCE8C0017AE6B /* step5-2.png in Resources */,
				82FE51741BEDCE8C0017AE6B /* step4-2.png in Resources */,
				82FE516F1BEDCE8C0017AE6B /* step3-1.png in Resources */,
				82CD201C1BEC8B56000DEAD9 /* Assets.xcassets in Resources */,
				82FE51701BEDCE8C0017AE6B /* step3-3-1.png in Resources */,
				82FE51721BEDCE8C0017AE6B /* step3.png in Resources */,
				82FE516E1BEDCE8C0017AE6B /* step2.png in Resources */,
				82FE51751BEDCE8C0017AE6B /* step4-3.png in Resources */,
				82CD201A1BEC8B56000DEAD9 /* Main.storyboard in Resources */,
				82FE51761BEDCE8C0017AE6B /* step5-1.png in Resources */,
				82FE51781BEDCE8C0017AE6B /* step5-3.png in Resources */,
				82FE51791BEDCE8C0017AE6B /* step5.png in Resources */,
			);
			runOnlyForDeploymentPostprocessing = 0;
		};
		82CD20231BEC8B56000DEAD9 /* Resources */ = {
			isa = PBXResourcesBuildPhase;
			buildActionMask = 2147483647;
			files = (
			);
			runOnlyForDeploymentPostprocessing = 0;
		};
		82CD202E1BEC8B56000DEAD9 /* Resources */ = {
			isa = PBXResourcesBuildPhase;
			buildActionMask = 2147483647;
			files = (
			);
			runOnlyForDeploymentPostprocessing = 0;
		};
/* End PBXResourcesBuildPhase section */

/* Begin PBXSourcesBuildPhase section */
		82CD200D1BEC8B56000DEAD9 /* Sources */ = {
			isa = PBXSourcesBuildPhase;
			buildActionMask = 2147483647;
			files = (
				82FE515C1BEDCE850017AE6B /* README.md in Sources */,
				82CD20171BEC8B56000DEAD9 /* ViewController.swift in Sources */,
				82CD20151BEC8B56000DEAD9 /* AppDelegate.swift in Sources */,
			);
			runOnlyForDeploymentPostprocessing = 0;
		};
		82CD20211BEC8B56000DEAD9 /* Sources */ = {
			isa = PBXSourcesBuildPhase;
			buildActionMask = 2147483647;
			files = (
				82CD202A1BEC8B56000DEAD9 /* NotesTests.swift in Sources */,
			);
			runOnlyForDeploymentPostprocessing = 0;
		};
		82CD202C1BEC8B56000DEAD9 /* Sources */ = {
			isa = PBXSourcesBuildPhase;
			buildActionMask = 2147483647;
			files = (
				82CD20351BEC8B56000DEAD9 /* NotesUITests.swift in Sources */,
			);
			runOnlyForDeploymentPostprocessing = 0;
		};
/* End PBXSourcesBuildPhase section */

/* Begin PBXTargetDependency section */
		82CD20271BEC8B56000DEAD9 /* PBXTargetDependency */ = {
			isa = PBXTargetDependency;
			target = 82CD20101BEC8B56000DEAD9 /* Notes */;
			targetProxy = 82CD20261BEC8B56000DEAD9 /* PBXContainerItemProxy */;
		};
		82CD20321BEC8B56000DEAD9 /* PBXTargetDependency */ = {
			isa = PBXTargetDependency;
			target = 82CD20101BEC8B56000DEAD9 /* Notes */;
			targetProxy = 82CD20311BEC8B56000DEAD9 /* PBXContainerItemProxy */;
		};
/* End PBXTargetDependency section */

/* Begin PBXVariantGroup section */
		82CD20181BEC8B56000DEAD9 /* Main.storyboard */ = {
			isa = PBXVariantGroup;
			children = (
				82CD20191BEC8B56000DEAD9 /* Base */,
			);
			name = Main.storyboard;
			sourceTree = "<group>";
		};
		82CD201D1BEC8B56000DEAD9 /* LaunchScreen.storyboard */ = {
			isa = PBXVariantGroup;
			children = (
				82CD201E1BEC8B56000DEAD9 /* Base */,
			);
			name = LaunchScreen.storyboard;
			sourceTree = "<group>";
		};
/* End PBXVariantGroup section */

/* Begin XCBuildConfiguration section */
		82CD20371BEC8B56000DEAD9 /* Debug */ = {
			isa = XCBuildConfiguration;
			buildSettings = {
				ALWAYS_SEARCH_USER_PATHS = NO;
				CLANG_CXX_LANGUAGE_STANDARD = "gnu++0x";
				CLANG_CXX_LIBRARY = "libc++";
				CLANG_ENABLE_MODULES = YES;
				CLANG_ENABLE_OBJC_ARC = YES;
				CLANG_WARN_BOOL_CONVERSION = YES;
				CLANG_WARN_CONSTANT_CONVERSION = YES;
				CLANG_WARN_DIRECT_OBJC_ISA_USAGE = YES_ERROR;
				CLANG_WARN_EMPTY_BODY = YES;
				CLANG_WARN_ENUM_CONVERSION = YES;
				CLANG_WARN_INT_CONVERSION = YES;
				CLANG_WARN_OBJC_ROOT_CLASS = YES_ERROR;
				CLANG_WARN_UNREACHABLE_CODE = YES;
				CLANG_WARN__DUPLICATE_METHOD_MATCH = YES;
				"CODE_SIGN_IDENTITY[sdk=iphoneos*]" = "iPhone Developer";
				COPY_PHASE_STRIP = NO;
				DEBUG_INFORMATION_FORMAT = dwarf;
				ENABLE_STRICT_OBJC_MSGSEND = YES;
				ENABLE_TESTABILITY = YES;
				GCC_C_LANGUAGE_STANDARD = gnu99;
				GCC_DYNAMIC_NO_PIC = NO;
				GCC_NO_COMMON_BLOCKS = YES;
				GCC_OPTIMIZATION_LEVEL = 0;
				GCC_PREPROCESSOR_DEFINITIONS = (
					"DEBUG=1",
					"$(inherited)",
				);
				GCC_WARN_64_TO_32_BIT_CONVERSION = YES;
				GCC_WARN_ABOUT_RETURN_TYPE = YES_ERROR;
				GCC_WARN_UNDECLARED_SELECTOR = YES;
				GCC_WARN_UNINITIALIZED_AUTOS = YES_AGGRESSIVE;
				GCC_WARN_UNUSED_FUNCTION = YES;
				GCC_WARN_UNUSED_VARIABLE = YES;
				IPHONEOS_DEPLOYMENT_TARGET = 9.1;
				MTL_ENABLE_DEBUG_INFO = YES;
				ONLY_ACTIVE_ARCH = YES;
				SDKROOT = iphoneos;
				SWIFT_OPTIMIZATION_LEVEL = "-Onone";
				TARGETED_DEVICE_FAMILY = "1,2";
			};
			name = Debug;
		};
		82CD20381BEC8B56000DEAD9 /* Release */ = {
			isa = XCBuildConfiguration;
			buildSettings = {
				ALWAYS_SEARCH_USER_PATHS = NO;
				CLANG_CXX_LANGUAGE_STANDARD = "gnu++0x";
				CLANG_CXX_LIBRARY = "libc++";
				CLANG_ENABLE_MODULES = YES;
				CLANG_ENABLE_OBJC_ARC = YES;
				CLANG_WARN_BOOL_CONVERSION = YES;
				CLANG_WARN_CONSTANT_CONVERSION = YES;
				CLANG_WARN_DIRECT_OBJC_ISA_USAGE = YES_ERROR;
				CLANG_WARN_EMPTY_BODY = YES;
				CLANG_WARN_ENUM_CONVERSION = YES;
				CLANG_WARN_INT_CONVERSION = YES;
				CLANG_WARN_OBJC_ROOT_CLASS = YES_ERROR;
				CLANG_WARN_UNREACHABLE_CODE = YES;
				CLANG_WARN__DUPLICATE_METHOD_MATCH = YES;
				"CODE_SIGN_IDENTITY[sdk=iphoneos*]" = "iPhone Developer";
				COPY_PHASE_STRIP = NO;
				DEBUG_INFORMATION_FORMAT = "dwarf-with-dsym";
				ENABLE_NS_ASSERTIONS = NO;
				ENABLE_STRICT_OBJC_MSGSEND = YES;
				GCC_C_LANGUAGE_STANDARD = gnu99;
				GCC_NO_COMMON_BLOCKS = YES;
				GCC_WARN_64_TO_32_BIT_CONVERSION = YES;
				GCC_WARN_ABOUT_RETURN_TYPE = YES_ERROR;
				GCC_WARN_UNDECLARED_SELECTOR = YES;
				GCC_WARN_UNINITIALIZED_AUTOS = YES_AGGRESSIVE;
				GCC_WARN_UNUSED_FUNCTION = YES;
				GCC_WARN_UNUSED_VARIABLE = YES;
				IPHONEOS_DEPLOYMENT_TARGET = 9.1;
				MTL_ENABLE_DEBUG_INFO = NO;
				SDKROOT = iphoneos;
				TARGETED_DEVICE_FAMILY = "1,2";
				VALIDATE_PRODUCT = YES;
			};
			name = Release;
		};
		82CD203A1BEC8B56000DEAD9 /* Debug */ = {
			isa = XCBuildConfiguration;
			buildSettings = {
				ASSETCATALOG_COMPILER_APPICON_NAME = AppIcon;
				FRAMEWORK_SEARCH_PATHS = (
					"$(inherited)",
					"$(PROJECT_DIR)/SDKs/parse-library-1.9.1",
				);
				INFOPLIST_FILE = Notes/Info.plist;
				LD_RUNPATH_SEARCH_PATHS = "$(inherited) @executable_path/Frameworks";
				PRODUCT_BUNDLE_IDENTIFIER = com.jiro9611.Notes;
				PRODUCT_NAME = "$(TARGET_NAME)";
				SWIFT_OBJC_BRIDGING_HEADER = "$PROJECT_DIR/Notes/Briding-Header.h";
			};
			name = Debug;
		};
		82CD203B1BEC8B56000DEAD9 /* Release */ = {
			isa = XCBuildConfiguration;
			buildSettings = {
				ASSETCATALOG_COMPILER_APPICON_NAME = AppIcon;
				FRAMEWORK_SEARCH_PATHS = (
					"$(inherited)",
					"$(PROJECT_DIR)/SDKs/parse-library-1.9.1",
				);
				INFOPLIST_FILE = Notes/Info.plist;
				LD_RUNPATH_SEARCH_PATHS = "$(inherited) @executable_path/Frameworks";
				PRODUCT_BUNDLE_IDENTIFIER = com.jiro9611.Notes;
				PRODUCT_NAME = "$(TARGET_NAME)";
				SWIFT_OBJC_BRIDGING_HEADER = "$PROJECT_DIR/Notes/Briding-Header.h";
			};
			name = Release;
		};
		82CD203D1BEC8B56000DEAD9 /* Debug */ = {
			isa = XCBuildConfiguration;
			buildSettings = {
				BUNDLE_LOADER = "$(TEST_HOST)";
				INFOPLIST_FILE = NotesTests/Info.plist;
				LD_RUNPATH_SEARCH_PATHS = "$(inherited) @executable_path/Frameworks @loader_path/Frameworks";
				PRODUCT_BUNDLE_IDENTIFIER = com.jiro9611.NotesTests;
				PRODUCT_NAME = "$(TARGET_NAME)";
				TEST_HOST = "$(BUILT_PRODUCTS_DIR)/Notes.app/Notes";
			};
			name = Debug;
		};
		82CD203E1BEC8B56000DEAD9 /* Release */ = {
			isa = XCBuildConfiguration;
			buildSettings = {
				BUNDLE_LOADER = "$(TEST_HOST)";
				INFOPLIST_FILE = NotesTests/Info.plist;
				LD_RUNPATH_SEARCH_PATHS = "$(inherited) @executable_path/Frameworks @loader_path/Frameworks";
				PRODUCT_BUNDLE_IDENTIFIER = com.jiro9611.NotesTests;
				PRODUCT_NAME = "$(TARGET_NAME)";
				TEST_HOST = "$(BUILT_PRODUCTS_DIR)/Notes.app/Notes";
			};
			name = Release;
		};
		82CD20401BEC8B56000DEAD9 /* Debug */ = {
			isa = XCBuildConfiguration;
			buildSettings = {
				INFOPLIST_FILE = NotesUITests/Info.plist;
				LD_RUNPATH_SEARCH_PATHS = "$(inherited) @executable_path/Frameworks @loader_path/Frameworks";
				PRODUCT_BUNDLE_IDENTIFIER = com.jiro9611.NotesUITests;
				PRODUCT_NAME = "$(TARGET_NAME)";
				TEST_TARGET_NAME = Notes;
				USES_XCTRUNNER = YES;
			};
			name = Debug;
		};
		82CD20411BEC8B56000DEAD9 /* Release */ = {
			isa = XCBuildConfiguration;
			buildSettings = {
				INFOPLIST_FILE = NotesUITests/Info.plist;
				LD_RUNPATH_SEARCH_PATHS = "$(inherited) @executable_path/Frameworks @loader_path/Frameworks";
				PRODUCT_BUNDLE_IDENTIFIER = com.jiro9611.NotesUITests;
				PRODUCT_NAME = "$(TARGET_NAME)";
				TEST_TARGET_NAME = Notes;
				USES_XCTRUNNER = YES;
			};
			name = Release;
		};
/* End XCBuildConfiguration section */

/* Begin XCConfigurationList section */
		82CD200C1BEC8B56000DEAD9 /* Build configuration list for PBXProject "Notes" */ = {
			isa = XCConfigurationList;
			buildConfigurations = (
				82CD20371BEC8B56000DEAD9 /* Debug */,
				82CD20381BEC8B56000DEAD9 /* Release */,
			);
			defaultConfigurationIsVisible = 0;
			defaultConfigurationName = Release;
		};
		82CD20391BEC8B56000DEAD9 /* Build configuration list for PBXNativeTarget "Notes" */ = {
			isa = XCConfigurationList;
			buildConfigurations = (
				82CD203A1BEC8B56000DEAD9 /* Debug */,
				82CD203B1BEC8B56000DEAD9 /* Release */,
			);
			defaultConfigurationIsVisible = 0;
			defaultConfigurationName = Release;
		};
		82CD203C1BEC8B56000DEAD9 /* Build configuration list for PBXNativeTarget "NotesTests" */ = {
			isa = XCConfigurationList;
			buildConfigurations = (
				82CD203D1BEC8B56000DEAD9 /* Debug */,
				82CD203E1BEC8B56000DEAD9 /* Release */,
			);
			defaultConfigurationIsVisible = 0;
			defaultConfigurationName = Release;
		};
		82CD203F1BEC8B56000DEAD9 /* Build configuration list for PBXNativeTarget "NotesUITests" */ = {
			isa = XCConfigurationList;
			buildConfigurations = (
				82CD20401BEC8B56000DEAD9 /* Debug */,
				82CD20411BEC8B56000DEAD9 /* Release */,
			);
			defaultConfigurationIsVisible = 0;
			defaultConfigurationName = Release;
		};
/* End XCConfigurationList section */
	};
	rootObject = 82CD20091BEC8B56000DEAD9 /* Project object */;
}
